
Microsoft Visual Studio Solution File, Format Version 12.00
# Visual Studio Version 17
VisualStudioVersion = 17.8.34511.84
MinimumVisualStudioVersion = 10.0.40219.1
Project("{FAE04EC0-301F-11D3-BF4B-00C04F79EFBC}") = "ICET4COMP367", "ICET4COMP367\ICET4COMP367.csproj", "{0B233C41-9CD3-4070-A4A6-6748EFE542C0}"
EndProject
Global
	GlobalSection(SolutionConfigurationPlatforms) = preSolution
		Debug|Any CPU = Debug|Any CPU
		Release|Any CPU = Release|Any CPU
	EndGlobalSection
	GlobalSection(ProjectConfigurationPlatforms) = postSolution
		{0B233C41-9CD3-4070-A4A6-6748EFE542C0}.Debug|Any CPU.ActiveCfg = Debug|Any CPU
		{0B233C41-9CD3-4070-A4A6-6748EFE542C0}.Debug|Any CPU.Build.0 = Debug|Any CPU
		{0B233C41-9CD3-4070-A4A6-6748EFE542C0}.Release|Any CPU.ActiveCfg = Release|Any CPU
		{0B233C41-9CD3-4070-A4A6-6748EFE542C0}.Release|Any CPU.Build.0 = Release|Any CPU
	EndGlobalSection
	GlobalSection(SolutionProperties) = preSolution
		HideSolutionNode = FALSE
	EndGlobalSection
	GlobalSection(ExtensibilityGlobals) = postSolution
		SolutionGuid = {C2EF3BE7-AC40-4929-8926-002594376529}
	EndGlobalSection
EndGlobal
